// !$*UTF8*$!
{
	archiveVersion = 1;
	classes = {
	};
	objectVersion = 56;
	objects = {

/* Begin PBXBuildFile section */
		187E41382B6D644200D409FF /* AppDelegate.swift in Sources */ = {isa = PBXBuildFile; fileRef = 187E41372B6D644200D409FF /* AppDelegate.swift */; };
		187E413A2B6D644200D409FF /* SceneDelegate.swift in Sources */ = {isa = PBXBuildFile; fileRef = 187E41392B6D644200D409FF /* SceneDelegate.swift */; };
		187E413C2B6D644200D409FF /* MainViewController.swift in Sources */ = {isa = PBXBuildFile; fileRef = 187E413B2B6D644200D409FF /* MainViewController.swift */; };
		187E413F2B6D644200D409FF /* Main.storyboard in Resources */ = {isa = PBXBuildFile; fileRef = 187E413D2B6D644200D409FF /* Main.storyboard */; };
		187E41412B6D644200D409FF /* Assets.xcassets in Resources */ = {isa = PBXBuildFile; fileRef = 187E41402B6D644200D409FF /* Assets.xcassets */; };
		187E41442B6D644200D409FF /* LaunchScreen.storyboard in Resources */ = {isa = PBXBuildFile; fileRef = 187E41422B6D644200D409FF /* LaunchScreen.storyboard */; };
		187E414F2B6D644200D409FF /* MainInteractorTests.swift in Sources */ = {isa = PBXBuildFile; fileRef = 187E414E2B6D644200D409FF /* MainInteractorTests.swift */; };
		187E41592B6D644200D409FF /* RedFinTestUITests.swift in Sources */ = {isa = PBXBuildFile; fileRef = 187E41582B6D644200D409FF /* RedFinTestUITests.swift */; };
		187E415B2B6D644200D409FF /* RedFinTestUITestsLaunchTests.swift in Sources */ = {isa = PBXBuildFile; fileRef = 187E415A2B6D644200D409FF /* RedFinTestUITestsLaunchTests.swift */; };
		187E416A2B6D648A00D409FF /* MapViewController.swift in Sources */ = {isa = PBXBuildFile; fileRef = 187E41682B6D648A00D409FF /* MapViewController.swift */; };
		187E416B2B6D648A00D409FF /* MapViewController.xib in Resources */ = {isa = PBXBuildFile; fileRef = 187E41692B6D648A00D409FF /* MapViewController.xib */; };
		187E41742B6D687600D409FF /* MainViewProtocols.swift in Sources */ = {isa = PBXBuildFile; fileRef = 187E41732B6D687600D409FF /* MainViewProtocols.swift */; };
		187E417D2B6D6A0F00D409FF /* MainViewInteractor.swift in Sources */ = {isa = PBXBuildFile; fileRef = 187E417C2B6D6A0F00D409FF /* MainViewInteractor.swift */; };
		187E417F2B6D6A1900D409FF /* MainViewPresenter.swift in Sources */ = {isa = PBXBuildFile; fileRef = 187E417E2B6D6A1900D409FF /* MainViewPresenter.swift */; };
		187E41822B6D6A2700D409FF /* MainViewRouter.swift in Sources */ = {isa = PBXBuildFile; fileRef = 187E41812B6D6A2700D409FF /* MainViewRouter.swift */; };
		187E41852B6D6A3B00D409FF /* MapViewProtocols.swift in Sources */ = {isa = PBXBuildFile; fileRef = 187E41842B6D6A3B00D409FF /* MapViewProtocols.swift */; };
		187E41872B6D6A4B00D409FF /* MapViewInteractor.swift in Sources */ = {isa = PBXBuildFile; fileRef = 187E41862B6D6A4B00D409FF /* MapViewInteractor.swift */; };
		187E41892B6D6A5500D409FF /* MapViewPresenter.swift in Sources */ = {isa = PBXBuildFile; fileRef = 187E41882B6D6A5500D409FF /* MapViewPresenter.swift */; };
		187E418B2B6D6A5F00D409FF /* MapViewRouter.swift in Sources */ = {isa = PBXBuildFile; fileRef = 187E418A2B6D6A5F00D409FF /* MapViewRouter.swift */; };
		187E418D2B6D705000D409FF /* FoodTruckModel.swift in Sources */ = {isa = PBXBuildFile; fileRef = 187E418C2B6D705000D409FF /* FoodTruckModel.swift */; };
		187E41902B6D770900D409FF /* FoodTruckViewController.swift in Sources */ = {isa = PBXBuildFile; fileRef = 187E418E2B6D770900D409FF /* FoodTruckViewController.swift */; };
		187E41912B6D770900D409FF /* FoodTruckViewController.xib in Resources */ = {isa = PBXBuildFile; fileRef = 187E418F2B6D770900D409FF /* FoodTruckViewController.xib */; };
		187E41952B6D7D4F00D409FF /* CustomTableViewCell.swift in Sources */ = {isa = PBXBuildFile; fileRef = 187E41932B6D7D4F00D409FF /* CustomTableViewCell.swift */; };
		187E41962B6D7D4F00D409FF /* CustomTableViewCell.xib in Resources */ = {isa = PBXBuildFile; fileRef = 187E41942B6D7D4F00D409FF /* CustomTableViewCell.xib */; };
		187E41992B6D939C00D409FF /* ViewExtension.swift in Sources */ = {isa = PBXBuildFile; fileRef = 187E41982B6D939C00D409FF /* ViewExtension.swift */; };
		187E419F2B6DB7B300D409FF /* StringExtension.swift in Sources */ = {isa = PBXBuildFile; fileRef = 187E419E2B6DB7B300D409FF /* StringExtension.swift */; };
		187E41A12B6DB7D000D409FF /* DateExtension.swift in Sources */ = {isa = PBXBuildFile; fileRef = 187E41A02B6DB7D000D409FF /* DateExtension.swift */; };
		187E41A32B6DF97900D409FF /* FoodTruckError.swift in Sources */ = {isa = PBXBuildFile; fileRef = 187E41A22B6DF97900D409FF /* FoodTruckError.swift */; };
		187E41A92B6E08D300D409FF /* CustomMKAnnotation.swift in Sources */ = {isa = PBXBuildFile; fileRef = 187E41A82B6E08D300D409FF /* CustomMKAnnotation.swift */; };
		18B6451B2B6E150400F57F3D /* ExplanationOfProject in Resources */ = {isa = PBXBuildFile; fileRef = 18B6451A2B6E150400F57F3D /* ExplanationOfProject */; };
/* End PBXBuildFile section */

/* Begin PBXContainerItemProxy section */
		187E414B2B6D644200D409FF /* PBXContainerItemProxy */ = {
			isa = PBXContainerItemProxy;
			containerPortal = 187E412C2B6D644100D409FF /* Project object */;
			proxyType = 1;
			remoteGlobalIDString = 187E41332B6D644200D409FF;
			remoteInfo = RedFinTest;
		};
		187E41552B6D644200D409FF /* PBXContainerItemProxy */ = {
			isa = PBXContainerItemProxy;
			containerPortal = 187E412C2B6D644100D409FF /* Project object */;
			proxyType = 1;
			remoteGlobalIDString = 187E41332B6D644200D409FF;
			remoteInfo = RedFinTest;
		};
/* End PBXContainerItemProxy section */

/* Begin PBXFileReference section */
		187E41342B6D644200D409FF /* RedFinTest.app */ = {isa = PBXFileReference; explicitFileType = wrapper.application; includeInIndex = 0; path = RedFinTest.app; sourceTree = BUILT_PRODUCTS_DIR; };
		187E41372B6D644200D409FF /* AppDelegate.swift */ = {isa = PBXFileReference; lastKnownFileType = sourcecode.swift; path = AppDelegate.swift; sourceTree = "<group>"; };
		187E41392B6D644200D409FF /* SceneDelegate.swift */ = {isa = PBXFileReference; lastKnownFileType = sourcecode.swift; path = SceneDelegate.swift; sourceTree = "<group>"; };
		187E413B2B6D644200D409FF /* MainViewController.swift */ = {isa = PBXFileReference; lastKnownFileType = sourcecode.swift; path = MainViewController.swift; sourceTree = "<group>"; };
		187E413E2B6D644200D409FF /* Base */ = {isa = PBXFileReference; lastKnownFileType = file.storyboard; name = Base; path = Base.lproj/Main.storyboard; sourceTree = "<group>"; };
		187E41402B6D644200D409FF /* Assets.xcassets */ = {isa = PBXFileReference; lastKnownFileType = folder.assetcatalog; path = Assets.xcassets; sourceTree = "<group>"; };
		187E41432B6D644200D409FF /* Base */ = {isa = PBXFileReference; lastKnownFileType = file.storyboard; name = Base; path = Base.lproj/LaunchScreen.storyboard; sourceTree = "<group>"; };
		187E41452B6D644200D409FF /* Info.plist */ = {isa = PBXFileReference; lastKnownFileType = text.plist.xml; path = Info.plist; sourceTree = "<group>"; };
		187E414A2B6D644200D409FF /* RedFinTestTests.xctest */ = {isa = PBXFileReference; explicitFileType = wrapper.cfbundle; includeInIndex = 0; path = RedFinTestTests.xctest; sourceTree = BUILT_PRODUCTS_DIR; };
		187E414E2B6D644200D409FF /* MainInteractorTests.swift */ = {isa = PBXFileReference; lastKnownFileType = sourcecode.swift; path = MainInteractorTests.swift; sourceTree = "<group>"; };
		187E41542B6D644200D409FF /* RedFinTestUITests.xctest */ = {isa = PBXFileReference; explicitFileType = wrapper.cfbundle; includeInIndex = 0; path = RedFinTestUITests.xctest; sourceTree = BUILT_PRODUCTS_DIR; };
		187E41582B6D644200D409FF /* RedFinTestUITests.swift */ = {isa = PBXFileReference; lastKnownFileType = sourcecode.swift; path = RedFinTestUITests.swift; sourceTree = "<group>"; };
		187E415A2B6D644200D409FF /* RedFinTestUITestsLaunchTests.swift */ = {isa = PBXFileReference; lastKnownFileType = sourcecode.swift; path = RedFinTestUITestsLaunchTests.swift; sourceTree = "<group>"; };
		187E41682B6D648A00D409FF /* MapViewController.swift */ = {isa = PBXFileReference; lastKnownFileType = sourcecode.swift; path = MapViewController.swift; sourceTree = "<group>"; };
		187E41692B6D648A00D409FF /* MapViewController.xib */ = {isa = PBXFileReference; lastKnownFileType = file.xib; path = MapViewController.xib; sourceTree = "<group>"; };
		187E41732B6D687600D409FF /* MainViewProtocols.swift */ = {isa = PBXFileReference; lastKnownFileType = sourcecode.swift; path = MainViewProtocols.swift; sourceTree = "<group>"; };
		187E417C2B6D6A0F00D409FF /* MainViewInteractor.swift */ = {isa = PBXFileReference; lastKnownFileType = sourcecode.swift; path = MainViewInteractor.swift; sourceTree = "<group>"; };
		187E417E2B6D6A1900D409FF /* MainViewPresenter.swift */ = {isa = PBXFileReference; lastKnownFileType = sourcecode.swift; path = MainViewPresenter.swift; sourceTree = "<group>"; };
		187E41812B6D6A2700D409FF /* MainViewRouter.swift */ = {isa = PBXFileReference; lastKnownFileType = sourcecode.swift; path = MainViewRouter.swift; sourceTree = "<group>"; };
		187E41842B6D6A3B00D409FF /* MapViewProtocols.swift */ = {isa = PBXFileReference; lastKnownFileType = sourcecode.swift; path = MapViewProtocols.swift; sourceTree = "<group>"; };
		187E41862B6D6A4B00D409FF /* MapViewInteractor.swift */ = {isa = PBXFileReference; lastKnownFileType = sourcecode.swift; path = MapViewInteractor.swift; sourceTree = "<group>"; };
		187E41882B6D6A5500D409FF /* MapViewPresenter.swift */ = {isa = PBXFileReference; lastKnownFileType = sourcecode.swift; path = MapViewPresenter.swift; sourceTree = "<group>"; };
		187E418A2B6D6A5F00D409FF /* MapViewRouter.swift */ = {isa = PBXFileReference; lastKnownFileType = sourcecode.swift; path = MapViewRouter.swift; sourceTree = "<group>"; };
		187E418C2B6D705000D409FF /* FoodTruckModel.swift */ = {isa = PBXFileReference; lastKnownFileType = sourcecode.swift; path = FoodTruckModel.swift; sourceTree = "<group>"; };
		187E418E2B6D770900D409FF /* FoodTruckViewController.swift */ = {isa = PBXFileReference; lastKnownFileType = sourcecode.swift; path = FoodTruckViewController.swift; sourceTree = "<group>"; };
		187E418F2B6D770900D409FF /* FoodTruckViewController.xib */ = {isa = PBXFileReference; lastKnownFileType = file.xib; path = FoodTruckViewController.xib; sourceTree = "<group>"; };
		187E41932B6D7D4F00D409FF /* CustomTableViewCell.swift */ = {isa = PBXFileReference; lastKnownFileType = sourcecode.swift; path = CustomTableViewCell.swift; sourceTree = "<group>"; };
		187E41942B6D7D4F00D409FF /* CustomTableViewCell.xib */ = {isa = PBXFileReference; lastKnownFileType = file.xib; path = CustomTableViewCell.xib; sourceTree = "<group>"; };
		187E41982B6D939C00D409FF /* ViewExtension.swift */ = {isa = PBXFileReference; lastKnownFileType = sourcecode.swift; path = ViewExtension.swift; sourceTree = "<group>"; };
		187E419E2B6DB7B300D409FF /* StringExtension.swift */ = {isa = PBXFileReference; lastKnownFileType = sourcecode.swift; path = StringExtension.swift; sourceTree = "<group>"; };
		187E41A02B6DB7D000D409FF /* DateExtension.swift */ = {isa = PBXFileReference; lastKnownFileType = sourcecode.swift; path = DateExtension.swift; sourceTree = "<group>"; };
		187E41A22B6DF97900D409FF /* FoodTruckError.swift */ = {isa = PBXFileReference; lastKnownFileType = sourcecode.swift; path = FoodTruckError.swift; sourceTree = "<group>"; };
		187E41A82B6E08D300D409FF /* CustomMKAnnotation.swift */ = {isa = PBXFileReference; fileEncoding = 4; lastKnownFileType = sourcecode.swift; path = CustomMKAnnotation.swift; sourceTree = "<group>"; };
		18B6451A2B6E150400F57F3D /* ExplanationOfProject */ = {isa = PBXFileReference; lastKnownFileType = text; path = ExplanationOfProject; sourceTree = "<group>"; };
/* End PBXFileReference section */

/* Begin PBXFrameworksBuildPhase section */
		187E41312B6D644200D409FF /* Frameworks */ = {
			isa = PBXFrameworksBuildPhase;
			buildActionMask = 2147483647;
			files = (
			);
			runOnlyForDeploymentPostprocessing = 0;
		};
		187E41472B6D644200D409FF /* Frameworks */ = {
			isa = PBXFrameworksBuildPhase;
			buildActionMask = 2147483647;
			files = (
			);
			runOnlyForDeploymentPostprocessing = 0;
		};
		187E41512B6D644200D409FF /* Frameworks */ = {
			isa = PBXFrameworksBuildPhase;
			buildActionMask = 2147483647;
			files = (
			);
			runOnlyForDeploymentPostprocessing = 0;
		};
/* End PBXFrameworksBuildPhase section */

/* Begin PBXGroup section */
		187E412B2B6D644100D409FF = {
			isa = PBXGroup;
			children = (
				187E41362B6D644200D409FF /* RedFinTest */,
				187E414D2B6D644200D409FF /* RedFinTestTests */,
				187E41572B6D644200D409FF /* RedFinTestUITests */,
				187E41352B6D644200D409FF /* Products */,
			);
			sourceTree = "<group>";
		};
		187E41352B6D644200D409FF /* Products */ = {
			isa = PBXGroup;
			children = (
				187E41342B6D644200D409FF /* RedFinTest.app */,
				187E414A2B6D644200D409FF /* RedFinTestTests.xctest */,
				187E41542B6D644200D409FF /* RedFinTestUITests.xctest */,
			);
			name = Products;
			sourceTree = "<group>";
		};
		187E41362B6D644200D409FF /* RedFinTest */ = {
			isa = PBXGroup;
			children = (
				18B6451A2B6E150400F57F3D /* ExplanationOfProject */,
				187E417B2B6D68AE00D409FF /* Utils */,
				187E41372B6D644200D409FF /* AppDelegate.swift */,
				187E41392B6D644200D409FF /* SceneDelegate.swift */,
				187E413D2B6D644200D409FF /* Main.storyboard */,
				187E413B2B6D644200D409FF /* MainViewController.swift */,
				187E416C2B6D64DA00D409FF /* MainViewController */,
				187E41672B6D647700D409FF /* MapView */,
				187E41402B6D644200D409FF /* Assets.xcassets */,
				187E41422B6D644200D409FF /* LaunchScreen.storyboard */,
				187E41452B6D644200D409FF /* Info.plist */,
			);
			path = RedFinTest;
			sourceTree = "<group>";
		};
		187E414D2B6D644200D409FF /* RedFinTestTests */ = {
			isa = PBXGroup;
			children = (
				187E414E2B6D644200D409FF /* MainInteractorTests.swift */,
			);
			path = RedFinTestTests;
			sourceTree = "<group>";
		};
		187E41572B6D644200D409FF /* RedFinTestUITests */ = {
			isa = PBXGroup;
			children = (
				187E41582B6D644200D409FF /* RedFinTestUITests.swift */,
				187E415A2B6D644200D409FF /* RedFinTestUITestsLaunchTests.swift */,
			);
			path = RedFinTestUITests;
			sourceTree = "<group>";
		};
		187E41672B6D647700D409FF /* MapView */ = {
			isa = PBXGroup;
			children = (
				187E417A2B6D68A100D409FF /* Protocols */,
				187E41792B6D689C00D409FF /* View */,
				187E41782B6D689700D409FF /* Interactor */,
				187E41772B6D689100D409FF /* Presenter */,
				187E41762B6D688C00D409FF /* Entity */,
				187E41752B6D688700D409FF /* Router */,
			);
			path = MapView;
			sourceTree = "<group>";
		};
		187E416C2B6D64DA00D409FF /* MainViewController */ = {
			isa = PBXGroup;
			children = (
				187E416D2B6D684600D409FF /* Protocols */,
				187E416E2B6D684E00D409FF /* View */,
				187E416F2B6D685200D409FF /* Interactor */,
				187E41702B6D685A00D409FF /* Presenter */,
				187E41712B6D686100D409FF /* Entity */,
				187E41722B6D686700D409FF /* Router */,
			);
			path = MainViewController;
			sourceTree = "<group>";
		};
		187E416D2B6D684600D409FF /* Protocols */ = {
			isa = PBXGroup;
			children = (
				187E41732B6D687600D409FF /* MainViewProtocols.swift */,
			);
			path = Protocols;
			sourceTree = "<group>";
		};
		187E416E2B6D684E00D409FF /* View */ = {
			isa = PBXGroup;
			children = (
				187E418E2B6D770900D409FF /* FoodTruckViewController.swift */,
				187E418F2B6D770900D409FF /* FoodTruckViewController.xib */,
			);
			path = View;
			sourceTree = "<group>";
		};
		187E416F2B6D685200D409FF /* Interactor */ = {
			isa = PBXGroup;
			children = (
				187E417C2B6D6A0F00D409FF /* MainViewInteractor.swift */,
				187E41A22B6DF97900D409FF /* FoodTruckError.swift */,
			);
			path = Interactor;
			sourceTree = "<group>";
		};
		187E41702B6D685A00D409FF /* Presenter */ = {
			isa = PBXGroup;
			children = (
				187E417E2B6D6A1900D409FF /* MainViewPresenter.swift */,
			);
			path = Presenter;
			sourceTree = "<group>";
		};
		187E41712B6D686100D409FF /* Entity */ = {
			isa = PBXGroup;
			children = (
				187E418C2B6D705000D409FF /* FoodTruckModel.swift */,
			);
			path = Entity;
			sourceTree = "<group>";
		};
		187E41722B6D686700D409FF /* Router */ = {
			isa = PBXGroup;
			children = (
				187E41812B6D6A2700D409FF /* MainViewRouter.swift */,
			);
			path = Router;
			sourceTree = "<group>";
		};
		187E41752B6D688700D409FF /* Router */ = {
			isa = PBXGroup;
			children = (
				187E418A2B6D6A5F00D409FF /* MapViewRouter.swift */,
			);
			path = Router;
			sourceTree = "<group>";
		};
		187E41762B6D688C00D409FF /* Entity */ = {
			isa = PBXGroup;
			children = (
				187E41A82B6E08D300D409FF /* CustomMKAnnotation.swift */,
			);
			path = Entity;
			sourceTree = "<group>";
		};
		187E41772B6D689100D409FF /* Presenter */ = {
			isa = PBXGroup;
			children = (
				187E41882B6D6A5500D409FF /* MapViewPresenter.swift */,
			);
			path = Presenter;
			sourceTree = "<group>";
		};
		187E41782B6D689700D409FF /* Interactor */ = {
			isa = PBXGroup;
			children = (
				187E41862B6D6A4B00D409FF /* MapViewInteractor.swift */,
			);
			path = Interactor;
			sourceTree = "<group>";
		};
		187E41792B6D689C00D409FF /* View */ = {
			isa = PBXGroup;
			children = (
				187E41682B6D648A00D409FF /* MapViewController.swift */,
				187E41692B6D648A00D409FF /* MapViewController.xib */,
			);
			path = View;
			sourceTree = "<group>";
		};
		187E417A2B6D68A100D409FF /* Protocols */ = {
			isa = PBXGroup;
			children = (
				187E41842B6D6A3B00D409FF /* MapViewProtocols.swift */,
			);
			path = Protocols;
			sourceTree = "<group>";
		};
		187E417B2B6D68AE00D409FF /* Utils */ = {
			isa = PBXGroup;
			children = (
				187E41972B6D939000D409FF /* Extensions */,
				187E41922B6D7D3A00D409FF /* CustomCell */,
			);
			path = Utils;
			sourceTree = "<group>";
		};
		187E41922B6D7D3A00D409FF /* CustomCell */ = {
			isa = PBXGroup;
			children = (
				187E41932B6D7D4F00D409FF /* CustomTableViewCell.swift */,
				187E41942B6D7D4F00D409FF /* CustomTableViewCell.xib */,
			);
			path = CustomCell;
			sourceTree = "<group>";
		};
		187E41972B6D939000D409FF /* Extensions */ = {
			isa = PBXGroup;
			children = (
				187E41982B6D939C00D409FF /* ViewExtension.swift */,
				187E419E2B6DB7B300D409FF /* StringExtension.swift */,
				187E41A02B6DB7D000D409FF /* DateExtension.swift */,
			);
			path = Extensions;
			sourceTree = "<group>";
		};
/* End PBXGroup section */

/* Begin PBXNativeTarget section */
		187E41332B6D644200D409FF /* RedFinTest */ = {
			isa = PBXNativeTarget;
			buildConfigurationList = 187E415E2B6D644200D409FF /* Build configuration list for PBXNativeTarget "RedFinTest" */;
			buildPhases = (
				187E41302B6D644200D409FF /* Sources */,
				187E41312B6D644200D409FF /* Frameworks */,
				187E41322B6D644200D409FF /* Resources */,
			);
			buildRules = (
			);
			dependencies = (
			);
			name = RedFinTest;
			productName = RedFinTest;
			productReference = 187E41342B6D644200D409FF /* RedFinTest.app */;
			productType = "com.apple.product-type.application";
		};
		187E41492B6D644200D409FF /* RedFinTestTests */ = {
			isa = PBXNativeTarget;
			buildConfigurationList = 187E41612B6D644200D409FF /* Build configuration list for PBXNativeTarget "RedFinTestTests" */;
			buildPhases = (
				187E41462B6D644200D409FF /* Sources */,
				187E41472B6D644200D409FF /* Frameworks */,
				187E41482B6D644200D409FF /* Resources */,
			);
			buildRules = (
			);
			dependencies = (
				187E414C2B6D644200D409FF /* PBXTargetDependency */,
			);
			name = RedFinTestTests;
			productName = RedFinTestTests;
			productReference = 187E414A2B6D644200D409FF /* RedFinTestTests.xctest */;
			productType = "com.apple.product-type.bundle.unit-test";
		};
		187E41532B6D644200D409FF /* RedFinTestUITests */ = {
			isa = PBXNativeTarget;
			buildConfigurationList = 187E41642B6D644200D409FF /* Build configuration list for PBXNativeTarget "RedFinTestUITests" */;
			buildPhases = (
				187E41502B6D644200D409FF /* Sources */,
				187E41512B6D644200D409FF /* Frameworks */,
				187E41522B6D644200D409FF /* Resources */,
			);
			buildRules = (
			);
			dependencies = (
				187E41562B6D644200D409FF /* PBXTargetDependency */,
			);
			name = RedFinTestUITests;
			productName = RedFinTestUITests;
			productReference = 187E41542B6D644200D409FF /* RedFinTestUITests.xctest */;
			productType = "com.apple.product-type.bundle.ui-testing";
		};
/* End PBXNativeTarget section */

/* Begin PBXProject section */
		187E412C2B6D644100D409FF /* Project object */ = {
			isa = PBXProject;
			attributes = {
				BuildIndependentTargetsInParallel = 1;
				LastSwiftUpdateCheck = 1510;
				LastUpgradeCheck = 1510;
				TargetAttributes = {
					187E41332B6D644200D409FF = {
						CreatedOnToolsVersion = 15.1;
					};
					187E41492B6D644200D409FF = {
						CreatedOnToolsVersion = 15.1;
						TestTargetID = 187E41332B6D644200D409FF;
					};
					187E41532B6D644200D409FF = {
						CreatedOnToolsVersion = 15.1;
						TestTargetID = 187E41332B6D644200D409FF;
					};
				};
			};
			buildConfigurationList = 187E412F2B6D644100D409FF /* Build configuration list for PBXProject "RedFinTest" */;
			compatibilityVersion = "Xcode 14.0";
			developmentRegion = en;
			hasScannedForEncodings = 0;
			knownRegions = (
				en,
				Base,
			);
			mainGroup = 187E412B2B6D644100D409FF;
			productRefGroup = 187E41352B6D644200D409FF /* Products */;
			projectDirPath = "";
			projectRoot = "";
			targets = (
				187E41332B6D644200D409FF /* RedFinTest */,
				187E41492B6D644200D409FF /* RedFinTestTests */,
				187E41532B6D644200D409FF /* RedFinTestUITests */,
			);
		};
/* End PBXProject section */

/* Begin PBXResourcesBuildPhase section */
		187E41322B6D644200D409FF /* Resources */ = {
			isa = PBXResourcesBuildPhase;
			buildActionMask = 2147483647;
			files = (
				18B6451B2B6E150400F57F3D /* ExplanationOfProject in Resources */,
				187E41442B6D644200D409FF /* LaunchScreen.storyboard in Resources */,
				187E41412B6D644200D409FF /* Assets.xcassets in Resources */,
				187E41962B6D7D4F00D409FF /* CustomTableViewCell.xib in Resources */,
				187E413F2B6D644200D409FF /* Main.storyboard in Resources */,
				187E41912B6D770900D409FF /* FoodTruckViewController.xib in Resources */,
				187E416B2B6D648A00D409FF /* MapViewController.xib in Resources */,
			);
			runOnlyForDeploymentPostprocessing = 0;
		};
		187E41482B6D644200D409FF /* Resources */ = {
			isa = PBXResourcesBuildPhase;
			buildActionMask = 2147483647;
			files = (
			);
			runOnlyForDeploymentPostprocessing = 0;
		};
		187E41522B6D644200D409FF /* Resources */ = {
			isa = PBXResourcesBuildPhase;
			buildActionMask = 2147483647;
			files = (
			);
			runOnlyForDeploymentPostprocessing = 0;
		};
/* End PBXResourcesBuildPhase section */

/* Begin PBXSourcesBuildPhase section */
		187E41302B6D644200D409FF /* Sources */ = {
			isa = PBXSourcesBuildPhase;
			buildActionMask = 2147483647;
			files = (
				187E41892B6D6A5500D409FF /* MapViewPresenter.swift in Sources */,
				187E41822B6D6A2700D409FF /* MainViewRouter.swift in Sources */,
				187E413C2B6D644200D409FF /* MainViewController.swift in Sources */,
				187E41852B6D6A3B00D409FF /* MapViewProtocols.swift in Sources */,
				187E41A32B6DF97900D409FF /* FoodTruckError.swift in Sources */,
				187E418B2B6D6A5F00D409FF /* MapViewRouter.swift in Sources */,
				187E41382B6D644200D409FF /* AppDelegate.swift in Sources */,
				187E41992B6D939C00D409FF /* ViewExtension.swift in Sources */,
				187E41952B6D7D4F00D409FF /* CustomTableViewCell.swift in Sources */,
				187E419F2B6DB7B300D409FF /* StringExtension.swift in Sources */,
				187E417F2B6D6A1900D409FF /* MainViewPresenter.swift in Sources */,
				187E41872B6D6A4B00D409FF /* MapViewInteractor.swift in Sources */,
				187E41902B6D770900D409FF /* FoodTruckViewController.swift in Sources */,
				187E413A2B6D644200D409FF /* SceneDelegate.swift in Sources */,
				187E41A12B6DB7D000D409FF /* DateExtension.swift in Sources */,
				187E417D2B6D6A0F00D409FF /* MainViewInteractor.swift in Sources */,
				187E41742B6D687600D409FF /* MainViewProtocols.swift in Sources */,
				187E41A92B6E08D300D409FF /* CustomMKAnnotation.swift in Sources */,
				187E418D2B6D705000D409FF /* FoodTruckModel.swift in Sources */,
				187E416A2B6D648A00D409FF /* MapViewController.swift in Sources */,
			);
			runOnlyForDeploymentPostprocessing = 0;
		};
		187E41462B6D644200D409FF /* Sources */ = {
			isa = PBXSourcesBuildPhase;
			buildActionMask = 2147483647;
			files = (
				187E414F2B6D644200D409FF /* MainInteractorTests.swift in Sources */,
			);
			runOnlyForDeploymentPostprocessing = 0;
		};
		187E41502B6D644200D409FF /* Sources */ = {
			isa = PBXSourcesBuildPhase;
			buildActionMask = 2147483647;
			files = (
				187E415B2B6D644200D409FF /* RedFinTestUITestsLaunchTests.swift in Sources */,
				187E41592B6D644200D409FF /* RedFinTestUITests.swift in Sources */,
			);
			runOnlyForDeploymentPostprocessing = 0;
		};
/* End PBXSourcesBuildPhase section */

/* Begin PBXTargetDependency section */
		187E414C2B6D644200D409FF /* PBXTargetDependency */ = {
			isa = PBXTargetDependency;
			target = 187E41332B6D644200D409FF /* RedFinTest */;
			targetProxy = 187E414B2B6D644200D409FF /* PBXContainerItemProxy */;
		};
		187E41562B6D644200D409FF /* PBXTargetDependency */ = {
			isa = PBXTargetDependency;
			target = 187E41332B6D644200D409FF /* RedFinTest */;
			targetProxy = 187E41552B6D644200D409FF /* PBXContainerItemProxy */;
		};
/* End PBXTargetDependency section */

/* Begin PBXVariantGroup section */
		187E413D2B6D644200D409FF /* Main.storyboard */ = {
			isa = PBXVariantGroup;
			children = (
				187E413E2B6D644200D409FF /* Base */,
			);
			name = Main.storyboard;
			sourceTree = "<group>";
		};
		187E41422B6D644200D409FF /* LaunchScreen.storyboard */ = {
			isa = PBXVariantGroup;
			children = (
				187E41432B6D644200D409FF /* Base */,
			);
			name = LaunchScreen.storyboard;
			sourceTree = "<group>";
		};
/* End PBXVariantGroup section */

/* Begin XCBuildConfiguration section */
		187E415C2B6D644200D409FF /* Debug */ = {
			isa = XCBuildConfiguration;
			buildSettings = {
				ALWAYS_SEARCH_USER_PATHS = NO;
				ASSETCATALOG_COMPILER_GENERATE_SWIFT_ASSET_SYMBOL_EXTENSIONS = YES;
				CLANG_ANALYZER_NONNULL = YES;
				CLANG_ANALYZER_NUMBER_OBJECT_CONVERSION = YES_AGGRESSIVE;
				CLANG_CXX_LANGUAGE_STANDARD = "gnu++20";
				CLANG_ENABLE_MODULES = YES;
				CLANG_ENABLE_OBJC_ARC = YES;
				CLANG_ENABLE_OBJC_WEAK = YES;
				CLANG_WARN_BLOCK_CAPTURE_AUTORELEASING = YES;
				CLANG_WARN_BOOL_CONVERSION = YES;
				CLANG_WARN_COMMA = YES;
				CLANG_WARN_CONSTANT_CONVERSION = YES;
				CLANG_WARN_DEPRECATED_OBJC_IMPLEMENTATIONS = YES;
				CLANG_WARN_DIRECT_OBJC_ISA_USAGE = YES_ERROR;
				CLANG_WARN_DOCUMENTATION_COMMENTS = YES;
				CLANG_WARN_EMPTY_BODY = YES;
				CLANG_WARN_ENUM_CONVERSION = YES;
				CLANG_WARN_INFINITE_RECURSION = YES;
				CLANG_WARN_INT_CONVERSION = YES;
				CLANG_WARN_NON_LITERAL_NULL_CONVERSION = YES;
				CLANG_WARN_OBJC_IMPLICIT_RETAIN_SELF = YES;
				CLANG_WARN_OBJC_LITERAL_CONVERSION = YES;
				CLANG_WARN_OBJC_ROOT_CLASS = YES_ERROR;
				CLANG_WARN_QUOTED_INCLUDE_IN_FRAMEWORK_HEADER = YES;
				CLANG_WARN_RANGE_LOOP_ANALYSIS = YES;
				CLANG_WARN_STRICT_PROTOTYPES = YES;
				CLANG_WARN_SUSPICIOUS_MOVE = YES;
				CLANG_WARN_UNGUARDED_AVAILABILITY = YES_AGGRESSIVE;
				CLANG_WARN_UNREACHABLE_CODE = YES;
				CLANG_WARN__DUPLICATE_METHOD_MATCH = YES;
				COPY_PHASE_STRIP = NO;
				DEBUG_INFORMATION_FORMAT = dwarf;
				ENABLE_STRICT_OBJC_MSGSEND = YES;
				ENABLE_TESTABILITY = YES;
				ENABLE_USER_SCRIPT_SANDBOXING = YES;
				GCC_C_LANGUAGE_STANDARD = gnu17;
				GCC_DYNAMIC_NO_PIC = NO;
				GCC_NO_COMMON_BLOCKS = YES;
				GCC_OPTIMIZATION_LEVEL = 0;
				GCC_PREPROCESSOR_DEFINITIONS = (
					"DEBUG=1",
					"$(inherited)",
				);
				GCC_WARN_64_TO_32_BIT_CONVERSION = YES;
				GCC_WARN_ABOUT_RETURN_TYPE = YES_ERROR;
				GCC_WARN_UNDECLARED_SELECTOR = YES;
				GCC_WARN_UNINITIALIZED_AUTOS = YES_AGGRESSIVE;
				GCC_WARN_UNUSED_FUNCTION = YES;
				GCC_WARN_UNUSED_VARIABLE = YES;
				IPHONEOS_DEPLOYMENT_TARGET = 17.2;
				LOCALIZATION_PREFERS_STRING_CATALOGS = YES;
				MTL_ENABLE_DEBUG_INFO = INCLUDE_SOURCE;
				MTL_FAST_MATH = YES;
				ONLY_ACTIVE_ARCH = YES;
				SDKROOT = iphoneos;
				SWIFT_ACTIVE_COMPILATION_CONDITIONS = "DEBUG $(inherited)";
				SWIFT_OPTIMIZATION_LEVEL = "-Onone";
			};
			name = Debug;
		};
		187E415D2B6D644200D409FF /* Release */ = {
			isa = XCBuildConfiguration;
			buildSettings = {
				ALWAYS_SEARCH_USER_PATHS = NO;
				ASSETCATALOG_COMPILER_GENERATE_SWIFT_ASSET_SYMBOL_EXTENSIONS = YES;
				CLANG_ANALYZER_NONNULL = YES;
				CLANG_ANALYZER_NUMBER_OBJECT_CONVERSION = YES_AGGRESSIVE;
				CLANG_CXX_LANGUAGE_STANDARD = "gnu++20";
				CLANG_ENABLE_MODULES = YES;
				CLANG_ENABLE_OBJC_ARC = YES;
				CLANG_ENABLE_OBJC_WEAK = YES;
				CLANG_WARN_BLOCK_CAPTURE_AUTORELEASING = YES;
				CLANG_WARN_BOOL_CONVERSION = YES;
				CLANG_WARN_COMMA = YES;
				CLANG_WARN_CONSTANT_CONVERSION = YES;
				CLANG_WARN_DEPRECATED_OBJC_IMPLEMENTATIONS = YES;
				CLANG_WARN_DIRECT_OBJC_ISA_USAGE = YES_ERROR;
				CLANG_WARN_DOCUMENTATION_COMMENTS = YES;
				CLANG_WARN_EMPTY_BODY = YES;
				CLANG_WARN_ENUM_CONVERSION = YES;
				CLANG_WARN_INFINITE_RECURSION = YES;
				CLANG_WARN_INT_CONVERSION = YES;
				CLANG_WARN_NON_LITERAL_NULL_CONVERSION = YES;
				CLANG_WARN_OBJC_IMPLICIT_RETAIN_SELF = YES;
				CLANG_WARN_OBJC_LITERAL_CONVERSION = YES;
				CLANG_WARN_OBJC_ROOT_CLASS = YES_ERROR;
				CLANG_WARN_QUOTED_INCLUDE_IN_FRAMEWORK_HEADER = YES;
				CLANG_WARN_RANGE_LOOP_ANALYSIS = YES;
				CLANG_WARN_STRICT_PROTOTYPES = YES;
				CLANG_WARN_SUSPICIOUS_MOVE = YES;
				CLANG_WARN_UNGUARDED_AVAILABILITY = YES_AGGRESSIVE;
				CLANG_WARN_UNREACHABLE_CODE = YES;
				CLANG_WARN__DUPLICATE_METHOD_MATCH = YES;
				COPY_PHASE_STRIP = NO;
				DEBUG_INFORMATION_FORMAT = "dwarf-with-dsym";
				ENABLE_NS_ASSERTIONS = NO;
				ENABLE_STRICT_OBJC_MSGSEND = YES;
				ENABLE_USER_SCRIPT_SANDBOXING = YES;
				GCC_C_LANGUAGE_STANDARD = gnu17;
				GCC_NO_COMMON_BLOCKS = YES;
				GCC_WARN_64_TO_32_BIT_CONVERSION = YES;
				GCC_WARN_ABOUT_RETURN_TYPE = YES_ERROR;
				GCC_WARN_UNDECLARED_SELECTOR = YES;
				GCC_WARN_UNINITIALIZED_AUTOS = YES_AGGRESSIVE;
				GCC_WARN_UNUSED_FUNCTION = YES;
				GCC_WARN_UNUSED_VARIABLE = YES;
				IPHONEOS_DEPLOYMENT_TARGET = 17.2;
				LOCALIZATION_PREFERS_STRING_CATALOGS = YES;
				MTL_ENABLE_DEBUG_INFO = NO;
				MTL_FAST_MATH = YES;
				SDKROOT = iphoneos;
				SWIFT_COMPILATION_MODE = wholemodule;
				VALIDATE_PRODUCT = YES;
			};
			name = Release;
		};
		187E415F2B6D644200D409FF /* Debug */ = {
			isa = XCBuildConfiguration;
			buildSettings = {
				ASSETCATALOG_COMPILER_APPICON_NAME = AppIcon;
				ASSETCATALOG_COMPILER_GLOBAL_ACCENT_COLOR_NAME = AccentColor;
				CODE_SIGN_STYLE = Automatic;
				CURRENT_PROJECT_VERSION = 1;
				DEVELOPMENT_TEAM = J58ZDFPQ77;
				GENERATE_INFOPLIST_FILE = YES;
				INFOPLIST_FILE = RedFinTest/Info.plist;
				INFOPLIST_KEY_UIApplicationSupportsIndirectInputEvents = YES;
				INFOPLIST_KEY_UILaunchStoryboardName = LaunchScreen;
				INFOPLIST_KEY_UIMainStoryboardFile = Main;
				INFOPLIST_KEY_UISupportedInterfaceOrientations_iPad = "UIInterfaceOrientationPortrait UIInterfaceOrientationPortraitUpsideDown UIInterfaceOrientationLandscapeLeft UIInterfaceOrientationLandscapeRight";
				INFOPLIST_KEY_UISupportedInterfaceOrientations_iPhone = "UIInterfaceOrientationPortrait UIInterfaceOrientationLandscapeLeft UIInterfaceOrientationLandscapeRight";
				LD_RUNPATH_SEARCH_PATHS = (
					"$(inherited)",
					"@executable_path/Frameworks",
				);
				MARKETING_VERSION = 1.0;
				PRODUCT_BUNDLE_IDENTIFIER = example.RedFinTest;
				PRODUCT_NAME = "$(TARGET_NAME)";
				SWIFT_EMIT_LOC_STRINGS = YES;
				SWIFT_VERSION = 5.0;
				TARGETED_DEVICE_FAMILY = "1,2";
			};
			name = Debug;
		};
		187E41602B6D644200D409FF /* Release */ = {
			isa = XCBuildConfiguration;
			buildSettings = {
				ASSETCATALOG_COMPILER_APPICON_NAME = AppIcon;
				ASSETCATALOG_COMPILER_GLOBAL_ACCENT_COLOR_NAME = AccentColor;
				CODE_SIGN_STYLE = Automatic;
				CURRENT_PROJECT_VERSION = 1;
				DEVELOPMENT_TEAM = J58ZDFPQ77;
				GENERATE_INFOPLIST_FILE = YES;
				INFOPLIST_FILE = RedFinTest/Info.plist;
				INFOPLIST_KEY_UIApplicationSupportsIndirectInputEvents = YES;
				INFOPLIST_KEY_UILaunchStoryboardName = LaunchScreen;
				INFOPLIST_KEY_UIMainStoryboardFile = Main;
				INFOPLIST_KEY_UISupportedInterfaceOrientations_iPad = "UIInterfaceOrientationPortrait UIInterfaceOrientationPortraitUpsideDown UIInterfaceOrientationLandscapeLeft UIInterfaceOrientationLandscapeRight";
				INFOPLIST_KEY_UISupportedInterfaceOrientations_iPhone = "UIInterfaceOrientationPortrait UIInterfaceOrientationLandscapeLeft UIInterfaceOrientationLandscapeRight";
				LD_RUNPATH_SEARCH_PATHS = (
					"$(inherited)",
					"@executable_path/Frameworks",
				);
				MARKETING_VERSION = 1.0;
				PRODUCT_BUNDLE_IDENTIFIER = example.RedFinTest;
				PRODUCT_NAME = "$(TARGET_NAME)";
				SWIFT_EMIT_LOC_STRINGS = YES;
				SWIFT_VERSION = 5.0;
				TARGETED_DEVICE_FAMILY = "1,2";
			};
			name = Release;
		};
		187E41622B6D644200D409FF /* Debug */ = {
			isa = XCBuildConfiguration;
			buildSettings = {
				ALWAYS_EMBED_SWIFT_STANDARD_LIBRARIES = YES;
				BUNDLE_LOADER = "$(TEST_HOST)";
				CODE_SIGN_STYLE = Automatic;
				CURRENT_PROJECT_VERSION = 1;
				DEVELOPMENT_TEAM = J58ZDFPQ77;
				GENERATE_INFOPLIST_FILE = YES;
				IPHONEOS_DEPLOYMENT_TARGET = 17.2;
				MARKETING_VERSION = 1.0;
				PRODUCT_BUNDLE_IDENTIFIER = example.RedFinTestTests;
				PRODUCT_NAME = "$(TARGET_NAME)";
				SWIFT_EMIT_LOC_STRINGS = NO;
				SWIFT_VERSION = 5.0;
				TARGETED_DEVICE_FAMILY = "1,2";
				TEST_HOST = "$(BUILT_PRODUCTS_DIR)/RedFinTest.app/$(BUNDLE_EXECUTABLE_FOLDER_PATH)/RedFinTest";
			};
			name = Debug;
		};
		187E41632B6D644200D409FF /* Release */ = {
			isa = XCBuildConfiguration;
			buildSettings = {
				ALWAYS_EMBED_SWIFT_STANDARD_LIBRARIES = YES;
				BUNDLE_LOADER = "$(TEST_HOST)";
				CODE_SIGN_STYLE = Automatic;
				CURRENT_PROJECT_VERSION = 1;
				DEVELOPMENT_TEAM = J58ZDFPQ77;
				GENERATE_INFOPLIST_FILE = YES;
				IPHONEOS_DEPLOYMENT_TARGET = 17.2;
				MARKETING_VERSION = 1.0;
				PRODUCT_BUNDLE_IDENTIFIER = example.RedFinTestTests;
				PRODUCT_NAME = "$(TARGET_NAME)";
				SWIFT_EMIT_LOC_STRINGS = NO;
				SWIFT_VERSION = 5.0;
				TARGETED_DEVICE_FAMILY = "1,2";
				TEST_HOST = "$(BUILT_PRODUCTS_DIR)/RedFinTest.app/$(BUNDLE_EXECUTABLE_FOLDER_PATH)/RedFinTest";
			};
			name = Release;
		};
		187E41652B6D644200D409FF /* Debug */ = {
			isa = XCBuildConfiguration;
			buildSettings = {
				ALWAYS_EMBED_SWIFT_STANDARD_LIBRARIES = YES;
				CODE_SIGN_STYLE = Automatic;
				CURRENT_PROJECT_VERSION = 1;
				DEVELOPMENT_TEAM = J58ZDFPQ77;
				GENERATE_INFOPLIST_FILE = YES;
				MARKETING_VERSION = 1.0;
				PRODUCT_BUNDLE_IDENTIFIER = example.RedFinTestUITests;
				PRODUCT_NAME = "$(TARGET_NAME)";
				SWIFT_EMIT_LOC_STRINGS = NO;
				SWIFT_VERSION = 5.0;
				TARGETED_DEVICE_FAMILY = "1,2";
				TEST_TARGET_NAME = RedFinTest;
			};
			name = Debug;
		};
		187E41662B6D644200D409FF /* Release */ = {
			isa = XCBuildConfiguration;
			buildSettings = {
				ALWAYS_EMBED_SWIFT_STANDARD_LIBRARIES = YES;
				CODE_SIGN_STYLE = Automatic;
				CURRENT_PROJECT_VERSION = 1;
				DEVELOPMENT_TEAM = J58ZDFPQ77;
				GENERATE_INFOPLIST_FILE = YES;
				MARKETING_VERSION = 1.0;
				PRODUCT_BUNDLE_IDENTIFIER = example.RedFinTestUITests;
				PRODUCT_NAME = "$(TARGET_NAME)";
				SWIFT_EMIT_LOC_STRINGS = NO;
				SWIFT_VERSION = 5.0;
				TARGETED_DEVICE_FAMILY = "1,2";
				TEST_TARGET_NAME = RedFinTest;
			};
			name = Release;
		};
/* End XCBuildConfiguration section */

/* Begin XCConfigurationList section */
		187E412F2B6D644100D409FF /* Build configuration list for PBXProject "RedFinTest" */ = {
			isa = XCConfigurationList;
			buildConfigurations = (
				187E415C2B6D644200D409FF /* Debug */,
				187E415D2B6D644200D409FF /* Release */,
			);
			defaultConfigurationIsVisible = 0;
			defaultConfigurationName = Release;
		};
		187E415E2B6D644200D409FF /* Build configuration list for PBXNativeTarget "RedFinTest" */ = {
			isa = XCConfigurationList;
			buildConfigurations = (
				187E415F2B6D644200D409FF /* Debug */,
				187E41602B6D644200D409FF /* Release */,
			);
			defaultConfigurationIsVisible = 0;
			defaultConfigurationName = Release;
		};
		187E41612B6D644200D409FF /* Build configuration list for PBXNativeTarget "RedFinTestTests" */ = {
			isa = XCConfigurationList;
			buildConfigurations = (
				187E41622B6D644200D409FF /* Debug */,
				187E41632B6D644200D409FF /* Release */,
			);
			defaultConfigurationIsVisible = 0;
			defaultConfigurationName = Release;
		};
		187E41642B6D644200D409FF /* Build configuration list for PBXNativeTarget "RedFinTestUITests" */ = {
			isa = XCConfigurationList;
			buildConfigurations = (
				187E41652B6D644200D409FF /* Debug */,
				187E41662B6D644200D409FF /* Release */,
			);
			defaultConfigurationIsVisible = 0;
			defaultConfigurationName = Release;
		};
/* End XCConfigurationList section */
	};
	rootObject = 187E412C2B6D644100D409FF /* Project object */;
}
